
Microsoft Visual Studio Solution File, Format Version 12.00
# Visual Studio 2012
Project("{FAE04EC0-301F-11D3-BF4B-00C04F79EFBC}") = "XamarinSeed", "XamarinSeed\XamarinSeed.csproj", "{CA9FCB35-C4AD-44B1-94C0-412C186F671A}"
EndProject
Project("{FAE04EC0-301F-11D3-BF4B-00C04F79EFBC}") = "XamarinSeed.Droid", "Droid\XamarinSeed.Droid.csproj", "{A8390642-B19A-4481-8D76-2423F8473C82}"
EndProject
Project("{FAE04EC0-301F-11D3-BF4B-00C04F79EFBC}") = "XamarinSeed.Tests", "Tests\XamarinSeed.Tests.csproj", "{AA753ED1-7617-40DC-B437-C0D47C980A7D}"
EndProject
Global
	GlobalSection(SolutionConfigurationPlatforms) = preSolution
		Debug|Any CPU = Debug|Any CPU
		Release|Any CPU = Release|Any CPU
	EndGlobalSection
	GlobalSection(ProjectConfigurationPlatforms) = postSolution
		{A8390642-B19A-4481-8D76-2423F8473C82}.Debug|Any CPU.ActiveCfg = Debug|Any CPU
		{A8390642-B19A-4481-8D76-2423F8473C82}.Debug|Any CPU.Build.0 = Debug|Any CPU
		{A8390642-B19A-4481-8D76-2423F8473C82}.Release|Any CPU.ActiveCfg = Release|Any CPU
		{A8390642-B19A-4481-8D76-2423F8473C82}.Release|Any CPU.Build.0 = Release|Any CPU
		{AA753ED1-7617-40DC-B437-C0D47C980A7D}.Debug|Any CPU.ActiveCfg = Debug|Any CPU
		{AA753ED1-7617-40DC-B437-C0D47C980A7D}.Debug|Any CPU.Build.0 = Debug|Any CPU
		{AA753ED1-7617-40DC-B437-C0D47C980A7D}.Release|Any CPU.ActiveCfg = Release|Any CPU
		{AA753ED1-7617-40DC-B437-C0D47C980A7D}.Release|Any CPU.Build.0 = Release|Any CPU
		{CA9FCB35-C4AD-44B1-94C0-412C186F671A}.Debug|Any CPU.ActiveCfg = Debug|Any CPU
		{CA9FCB35-C4AD-44B1-94C0-412C186F671A}.Debug|Any CPU.Build.0 = Debug|Any CPU
		{CA9FCB35-C4AD-44B1-94C0-412C186F671A}.Release|Any CPU.ActiveCfg = Release|Any CPU
		{CA9FCB35-C4AD-44B1-94C0-412C186F671A}.Release|Any CPU.Build.0 = Release|Any CPU
	EndGlobalSection
	GlobalSection(MonoDevelopProperties) = preSolution
		Policies = $0
		$0.TextStylePolicy = $1
		$1.inheritsSet = VisualStudio
		$1.inheritsScope = text/plain
		$1.scope = text/x-csharp
		$0.CSharpFormattingPolicy = $2
		$2.IndentSwitchBody = True
		$2.IndentBlocksInsideExpressions = True
		$2.AnonymousMethodBraceStyle = NextLine
		$2.PropertyBraceStyle = NextLine
		$2.PropertyGetBraceStyle = NextLine
		$2.PropertySetBraceStyle = NextLine
		$2.EventBraceStyle = NextLine
		$2.EventAddBraceStyle = NextLine
		$2.EventRemoveBraceStyle = NextLine
		$2.StatementBraceStyle = NextLine
		$2.ElseNewLinePlacement = NewLine
		$2.CatchNewLinePlacement = NewLine
		$2.FinallyNewLinePlacement = NewLine
		$2.WhileNewLinePlacement = DoNotCare
		$2.ArrayInitializerWrapping = DoNotChange
		$2.ArrayInitializerBraceStyle = NextLine
		$2.BeforeMethodDeclarationParentheses = False
		$2.BeforeMethodCallParentheses = False
		$2.BeforeConstructorDeclarationParentheses = False
		$2.NewLineBeforeConstructorInitializerColon = NewLine
		$2.NewLineAfterConstructorInitializerColon = SameLine
		$2.BeforeDelegateDeclarationParentheses = False
		$2.NewParentheses = False
		$2.SpacesBeforeBrackets = False
		$2.inheritsSet = Mono
		$2.inheritsScope = text/x-csharp
		$2.scope = text/x-csharp
		$0.DotNetNamingPolicy = $3
		$3.DirectoryNamespaceAssociation = None
		$3.ResourceNamePolicy = FileFormatDefault
		$0.TextStylePolicy = $4
		$4.FileWidth = 120
		$4.TabsToSpaces = False
		$4.inheritsSet = VisualStudio
		$4.inheritsScope = text/plain
		$4.scope = text/plain
		$0.TextStylePolicy = $5
		$5.inheritsSet = null
		$5.scope = application/config+xml
		$0.XmlFormattingPolicy = $6
		$6.inheritsSet = null
		$6.scope = application/config+xml
	EndGlobalSection
EndGlobal
